// !$*UTF8*$!
{
	archiveVersion = 1;
	classes = {
	};
	objectVersion = 46;
	objects = {

/* Begin PBXBuildFile section */
		8DF8A61F1919F5DD009334F4 /* Foundation.framework in Frameworks */ = {isa = PBXBuildFile; fileRef = 8DF8A61E1919F5DD009334F4 /* Foundation.framework */; };
		8DF8A6211919F5DD009334F4 /* CoreGraphics.framework in Frameworks */ = {isa = PBXBuildFile; fileRef = 8DF8A6201919F5DD009334F4 /* CoreGraphics.framework */; };
		8DF8A6231919F5DD009334F4 /* UIKit.framework in Frameworks */ = {isa = PBXBuildFile; fileRef = 8DF8A6221919F5DD009334F4 /* UIKit.framework */; };
		8DF8A6291919F5DD009334F4 /* InfoPlist.strings in Resources */ = {isa = PBXBuildFile; fileRef = 8DF8A6271919F5DD009334F4 /* InfoPlist.strings */; };
		8DF8A62B1919F5DD009334F4 /* main.m in Sources */ = {isa = PBXBuildFile; fileRef = 8DF8A62A1919F5DD009334F4 /* main.m */; };
		8DF8A62F1919F5DD009334F4 /* BNRAppDelegate.m in Sources */ = {isa = PBXBuildFile; fileRef = 8DF8A62E1919F5DD009334F4 /* BNRAppDelegate.m */; };
		8DF8A6311919F5DD009334F4 /* Images.xcassets in Resources */ = {isa = PBXBuildFile; fileRef = 8DF8A6301919F5DD009334F4 /* Images.xcassets */; };
		8DF8A6381919F5DD009334F4 /* XCTest.framework in Frameworks */ = {isa = PBXBuildFile; fileRef = 8DF8A6371919F5DD009334F4 /* XCTest.framework */; };
		8DF8A6391919F5DE009334F4 /* Foundation.framework in Frameworks */ = {isa = PBXBuildFile; fileRef = 8DF8A61E1919F5DD009334F4 /* Foundation.framework */; };
		8DF8A63A1919F5DE009334F4 /* UIKit.framework in Frameworks */ = {isa = PBXBuildFile; fileRef = 8DF8A6221919F5DD009334F4 /* UIKit.framework */; };
		8DF8A6421919F5DE009334F4 /* InfoPlist.strings in Resources */ = {isa = PBXBuildFile; fileRef = 8DF8A6401919F5DE009334F4 /* InfoPlist.strings */; };
		8DF8A6441919F5DE009334F4 /* HypnosisterTests.m in Sources */ = {isa = PBXBuildFile; fileRef = 8DF8A6431919F5DE009334F4 /* HypnosisterTests.m */; };
		8DF8A64F1919F62A009334F4 /* BNRHypnosisView.m in Sources */ = {isa = PBXBuildFile; fileRef = 8DF8A64E1919F62A009334F4 /* BNRHypnosisView.m */; };
/* End PBXBuildFile section */

/* Begin PBXContainerItemProxy section */
		8DF8A63B1919F5DE009334F4 /* PBXContainerItemProxy */ = {
			isa = PBXContainerItemProxy;
			containerPortal = 8DF8A6131919F5DD009334F4 /* Project object */;
			proxyType = 1;
			remoteGlobalIDString = 8DF8A61A1919F5DD009334F4;
			remoteInfo = Hypnosister;
		};
/* End PBXContainerItemProxy section */

/* Begin PBXFileReference section */
		8DF8A61B1919F5DD009334F4 /* Hypnosister.app */ = {isa = PBXFileReference; explicitFileType = wrapper.application; includeInIndex = 0; path = Hypnosister.app; sourceTree = BUILT_PRODUCTS_DIR; };
		8DF8A61E1919F5DD009334F4 /* Foundation.framework */ = {isa = PBXFileReference; lastKnownFileType = wrapper.framework; name = Foundation.framework; path = System/Library/Frameworks/Foundation.framework; sourceTree = SDKROOT; };
		8DF8A6201919F5DD009334F4 /* CoreGraphics.framework */ = {isa = PBXFileReference; lastKnownFileType = wrapper.framework; name = CoreGraphics.framework; path = System/Library/Frameworks/CoreGraphics.framework; sourceTree = SDKROOT; };
		8DF8A6221919F5DD009334F4 /* UIKit.framework */ = {isa = PBXFileReference; lastKnownFileType = wrapper.framework; name = UIKit.framework; path = System/Library/Frameworks/UIKit.framework; sourceTree = SDKROOT; };
		8DF8A6261919F5DD009334F4 /* Hypnosister-Info.plist */ = {isa = PBXFileReference; lastKnownFileType = text.plist.xml; path = "Hypnosister-Info.plist"; sourceTree = "<group>"; };
		8DF8A6281919F5DD009334F4 /* en */ = {isa = PBXFileReference; lastKnownFileType = text.plist.strings; name = en; path = en.lproj/InfoPlist.strings; sourceTree = "<group>"; };
		8DF8A62A1919F5DD009334F4 /* main.m */ = {isa = PBXFileReference; lastKnownFileType = sourcecode.c.objc; path = main.m; sourceTree = "<group>"; };
		8DF8A62C1919F5DD009334F4 /* Hypnosister-Prefix.pch */ = {isa = PBXFileReference; lastKnownFileType = sourcecode.c.h; path = "Hypnosister-Prefix.pch"; sourceTree = "<group>"; };
		8DF8A62D1919F5DD009334F4 /* BNRAppDelegate.h */ = {isa = PBXFileReference; lastKnownFileType = sourcecode.c.h; path = BNRAppDelegate.h; sourceTree = "<group>"; };
		8DF8A62E1919F5DD009334F4 /* BNRAppDelegate.m */ = {isa = PBXFileReference; lastKnownFileType = sourcecode.c.objc; path = BNRAppDelegate.m; sourceTree = "<group>"; };
		8DF8A6301919F5DD009334F4 /* Images.xcassets */ = {isa = PBXFileReference; lastKnownFileType = folder.assetcatalog; path = Images.xcassets; sourceTree = "<group>"; };
		8DF8A6361919F5DD009334F4 /* HypnosisterTests.xctest */ = {isa = PBXFileReference; explicitFileType = wrapper.cfbundle; includeInIndex = 0; path = HypnosisterTests.xctest; sourceTree = BUILT_PRODUCTS_DIR; };
		8DF8A6371919F5DD009334F4 /* XCTest.framework */ = {isa = PBXFileReference; lastKnownFileType = wrapper.framework; name = XCTest.framework; path = Library/Frameworks/XCTest.framework; sourceTree = DEVELOPER_DIR; };
		8DF8A63F1919F5DE009334F4 /* HypnosisterTests-Info.plist */ = {isa = PBXFileReference; lastKnownFileType = text.plist.xml; path = "HypnosisterTests-Info.plist"; sourceTree = "<group>"; };
		8DF8A6411919F5DE009334F4 /* en */ = {isa = PBXFileReference; lastKnownFileType = text.plist.strings; name = en; path = en.lproj/InfoPlist.strings; sourceTree = "<group>"; };
		8DF8A6431919F5DE009334F4 /* HypnosisterTests.m */ = {isa = PBXFileReference; lastKnownFileType = sourcecode.c.objc; path = HypnosisterTests.m; sourceTree = "<group>"; };
		8DF8A64D1919F62A009334F4 /* BNRHypnosisView.h */ = {isa = PBXFileReference; fileEncoding = 4; lastKnownFileType = sourcecode.c.h; path = BNRHypnosisView.h; sourceTree = "<group>"; };
		8DF8A64E1919F62A009334F4 /* BNRHypnosisView.m */ = {isa = PBXFileReference; fileEncoding = 4; lastKnownFileType = sourcecode.c.objc; path = BNRHypnosisView.m; sourceTree = "<group>"; };
/* End PBXFileReference section */

/* Begin PBXFrameworksBuildPhase section */
		8DF8A6181919F5DD009334F4 /* Frameworks */ = {
			isa = PBXFrameworksBuildPhase;
			buildActionMask = 2147483647;
			files = (
				8DF8A6211919F5DD009334F4 /* CoreGraphics.framework in Frameworks */,
				8DF8A6231919F5DD009334F4 /* UIKit.framework in Frameworks */,
				8DF8A61F1919F5DD009334F4 /* Foundation.framework in Frameworks */,
			);
			runOnlyForDeploymentPostprocessing = 0;
		};
		8DF8A6331919F5DD009334F4 /* Frameworks */ = {
			isa = PBXFrameworksBuildPhase;
			buildActionMask = 2147483647;
			files = (
				8DF8A6381919F5DD009334F4 /* XCTest.framework in Frameworks */,
				8DF8A63A1919F5DE009334F4 /* UIKit.framework in Frameworks */,
				8DF8A6391919F5DE009334F4 /* Foundation.framework in Frameworks */,
			);
			runOnlyForDeploymentPostprocessing = 0;
		};
/* End PBXFrameworksBuildPhase section */

/* Begin PBXGroup section */
		8DF8A6121919F5DD009334F4 = {
			isa = PBXGroup;
			children = (
				8DF8A64D1919F62A009334F4 /* BNRHypnosisView.h */,
				8DF8A64E1919F62A009334F4 /* BNRHypnosisView.m */,
				8DF8A6241919F5DD009334F4 /* Hypnosister */,
				8DF8A63D1919F5DE009334F4 /* HypnosisterTests */,
				8DF8A61D1919F5DD009334F4 /* Frameworks */,
				8DF8A61C1919F5DD009334F4 /* Products */,
			);
			sourceTree = "<group>";
		};
		8DF8A61C1919F5DD009334F4 /* Products */ = {
			isa = PBXGroup;
			children = (
				8DF8A61B1919F5DD009334F4 /* Hypnosister.app */,
				8DF8A6361919F5DD009334F4 /* HypnosisterTests.xctest */,
			);
			name = Products;
			sourceTree = "<group>";
		};
		8DF8A61D1919F5DD009334F4 /* Frameworks */ = {
			isa = PBXGroup;
			children = (
				8DF8A61E1919F5DD009334F4 /* Foundation.framework */,
				8DF8A6201919F5DD009334F4 /* CoreGraphics.framework */,
				8DF8A6221919F5DD009334F4 /* UIKit.framework */,
				8DF8A6371919F5DD009334F4 /* XCTest.framework */,
			);
			name = Frameworks;
			sourceTree = "<group>";
		};
		8DF8A6241919F5DD009334F4 /* Hypnosister */ = {
			isa = PBXGroup;
			children = (
				8DF8A62D1919F5DD009334F4 /* BNRAppDelegate.h */,
				8DF8A62E1919F5DD009334F4 /* BNRAppDelegate.m */,
				8DF8A6301919F5DD009334F4 /* Images.xcassets */,
				8DF8A6251919F5DD009334F4 /* Supporting Files */,
			);
			path = Hypnosister;
			sourceTree = "<group>";
		};
		8DF8A6251919F5DD009334F4 /* Supporting Files */ = {
			isa = PBXGroup;
			children = (
				8DF8A6261919F5DD009334F4 /* Hypnosister-Info.plist */,
				8DF8A6271919F5DD009334F4 /* InfoPlist.strings */,
				8DF8A62A1919F5DD009334F4 /* main.m */,
				8DF8A62C1919F5DD009334F4 /* Hypnosister-Prefix.pch */,
			);
			name = "Supporting Files";
			sourceTree = "<group>";
		};
		8DF8A63D1919F5DE009334F4 /* HypnosisterTests */ = {
			isa = PBXGroup;
			children = (
				8DF8A6431919F5DE009334F4 /* HypnosisterTests.m */,
				8DF8A63E1919F5DE009334F4 /* Supporting Files */,
			);
			path = HypnosisterTests;
			sourceTree = "<group>";
		};
		8DF8A63E1919F5DE009334F4 /* Supporting Files */ = {
			isa = PBXGroup;
			children = (
				8DF8A63F1919F5DE009334F4 /* HypnosisterTests-Info.plist */,
				8DF8A6401919F5DE009334F4 /* InfoPlist.strings */,
			);
			name = "Supporting Files";
			sourceTree = "<group>";
		};
/* End PBXGroup section */

/* Begin PBXNativeTarget section */
		8DF8A61A1919F5DD009334F4 /* Hypnosister */ = {
			isa = PBXNativeTarget;
			buildConfigurationList = 8DF8A6471919F5DE009334F4 /* Build configuration list for PBXNativeTarget "Hypnosister" */;
			buildPhases = (
				8DF8A6171919F5DD009334F4 /* Sources */,
				8DF8A6181919F5DD009334F4 /* Frameworks */,
				8DF8A6191919F5DD009334F4 /* Resources */,
			);
			buildRules = (
			);
			dependencies = (
			);
			name = Hypnosister;
			productName = Hypnosister;
			productReference = 8DF8A61B1919F5DD009334F4 /* Hypnosister.app */;
			productType = "com.apple.product-type.application";
		};
		8DF8A6351919F5DD009334F4 /* HypnosisterTests */ = {
			isa = PBXNativeTarget;
			buildConfigurationList = 8DF8A64A1919F5DE009334F4 /* Build configuration list for PBXNativeTarget "HypnosisterTests" */;
			buildPhases = (
				8DF8A6321919F5DD009334F4 /* Sources */,
				8DF8A6331919F5DD009334F4 /* Frameworks */,
				8DF8A6341919F5DD009334F4 /* Resources */,
			);
			buildRules = (
			);
			dependencies = (
				8DF8A63C1919F5DE009334F4 /* PBXTargetDependency */,
			);
			name = HypnosisterTests;
			productName = HypnosisterTests;
			productReference = 8DF8A6361919F5DD009334F4 /* HypnosisterTests.xctest */;
			productType = "com.apple.product-type.bundle.unit-test";
		};
/* End PBXNativeTarget section */

/* Begin PBXProject section */
		8DF8A6131919F5DD009334F4 /* Project object */ = {
			isa = PBXProject;
			attributes = {
				CLASSPREFIX = BNR;
				LastUpgradeCheck = 0510;
				ORGANIZATIONNAME = Raymon;
				TargetAttributes = {
					8DF8A6351919F5DD009334F4 = {
						TestTargetID = 8DF8A61A1919F5DD009334F4;
					};
				};
			};
			buildConfigurationList = 8DF8A6161919F5DD009334F4 /* Build configuration list for PBXProject "Hypnosister" */;
			compatibilityVersion = "Xcode 3.2";
			developmentRegion = English;
			hasScannedForEncodings = 0;
			knownRegions = (
				en,
			);
			mainGroup = 8DF8A6121919F5DD009334F4;
			productRefGroup = 8DF8A61C1919F5DD009334F4 /* Products */;
			projectDirPath = "";
			projectRoot = "";
			targets = (
				8DF8A61A1919F5DD009334F4 /* Hypnosister */,
				8DF8A6351919F5DD009334F4 /* HypnosisterTests */,
			);
		};
/* End PBXProject section */

/* Begin PBXResourcesBuildPhase section */
		8DF8A6191919F5DD009334F4 /* Resources */ = {
			isa = PBXResourcesBuildPhase;
			buildActionMask = 2147483647;
			files = (
				8DF8A6291919F5DD009334F4 /* InfoPlist.strings in Resources */,
				8DF8A6311919F5DD009334F4 /* Images.xcassets in Resources */,
			);
			runOnlyForDeploymentPostprocessing = 0;
		};
		8DF8A6341919F5DD009334F4 /* Resources */ = {
			isa = PBXResourcesBuildPhase;
			buildActionMask = 2147483647;
			files = (
				8DF8A6421919F5DE009334F4 /* InfoPlist.strings in Resources */,
			);
			runOnlyForDeploymentPostprocessing = 0;
		};
/* End PBXResourcesBuildPhase section */

/* Begin PBXSourcesBuildPhase section */
		8DF8A6171919F5DD009334F4 /* Sources */ = {
			isa = PBXSourcesBuildPhase;
			buildActionMask = 2147483647;
			files = (
				8DF8A62B1919F5DD009334F4 /* main.m in Sources */,
				8DF8A62F1919F5DD009334F4 /* BNRAppDelegate.m in Sources */,
				8DF8A64F1919F62A009334F4 /* BNRHypnosisView.m in Sources */,
			);
			runOnlyForDeploymentPostprocessing = 0;
		};
		8DF8A6321919F5DD009334F4 /* Sources */ = {
			isa = PBXSourcesBuildPhase;
			buildActionMask = 2147483647;
			files = (
				8DF8A6441919F5DE009334F4 /* HypnosisterTests.m in Sources */,
			);
			runOnlyForDeploymentPostprocessing = 0;
		};
/* End PBXSourcesBuildPhase section */

/* Begin PBXTargetDependency section */
		8DF8A63C1919F5DE009334F4 /* PBXTargetDependency */ = {
			isa = PBXTargetDependency;
			target = 8DF8A61A1919F5DD009334F4 /* Hypnosister */;
			targetProxy = 8DF8A63B1919F5DE009334F4 /* PBXContainerItemProxy */;
		};
/* End PBXTargetDependency section */

/* Begin PBXVariantGroup section */
		8DF8A6271919F5DD009334F4 /* InfoPlist.strings */ = {
			isa = PBXVariantGroup;
			children = (
				8DF8A6281919F5DD009334F4 /* en */,
			);
			name = InfoPlist.strings;
			sourceTree = "<group>";
		};
		8DF8A6401919F5DE009334F4 /* InfoPlist.strings */ = {
			isa = PBXVariantGroup;
			children = (
				8DF8A6411919F5DE009334F4 /* en */,
			);
			name = InfoPlist.strings;
			sourceTree = "<group>";
		};
/* End PBXVariantGroup section */

/* Begin XCBuildConfiguration section */
		8DF8A6451919F5DE009334F4 /* Debug */ = {
			isa = XCBuildConfiguration;
			buildSettings = {
				ALWAYS_SEARCH_USER_PATHS = NO;
				CLANG_CXX_LANGUAGE_STANDARD = "gnu++0x";
				CLANG_CXX_LIBRARY = "libc++";
				CLANG_ENABLE_MODULES = YES;
				CLANG_ENABLE_OBJC_ARC = YES;
				CLANG_WARN_BOOL_CONVERSION = YES;
				CLANG_WARN_CONSTANT_CONVERSION = YES;
				CLANG_WARN_DIRECT_OBJC_ISA_USAGE = YES_ERROR;
				CLANG_WARN_EMPTY_BODY = YES;
				CLANG_WARN_ENUM_CONVERSION = YES;
				CLANG_WARN_INT_CONVERSION = YES;
				CLANG_WARN_OBJC_ROOT_CLASS = YES_ERROR;
				CLANG_WARN__DUPLICATE_METHOD_MATCH = YES;
				"CODE_SIGN_IDENTITY[sdk=iphoneos*]" = "iPhone Developer";
				COPY_PHASE_STRIP = NO;
				GCC_C_LANGUAGE_STANDARD = gnu99;
				GCC_DYNAMIC_NO_PIC = NO;
				GCC_OPTIMIZATION_LEVEL = 0;
				GCC_PREPROCESSOR_DEFINITIONS = (
					"DEBUG=1",
					"$(inherited)",
				);
				GCC_SYMBOLS_PRIVATE_EXTERN = NO;
				GCC_WARN_64_TO_32_BIT_CONVERSION = YES;
				GCC_WARN_ABOUT_RETURN_TYPE = YES_ERROR;
				GCC_WARN_UNDECLARED_SELECTOR = YES;
				GCC_WARN_UNINITIALIZED_AUTOS = YES_AGGRESSIVE;
				GCC_WARN_UNUSED_FUNCTION = YES;
				GCC_WARN_UNUSED_VARIABLE = YES;
				IPHONEOS_DEPLOYMENT_TARGET = 7.1;
				ONLY_ACTIVE_ARCH = YES;
				SDKROOT = iphoneos;
			};
			name = Debug;
		};
		8DF8A6461919F5DE009334F4 /* Release */ = {
			isa = XCBuildConfiguration;
			buildSettings = {
				ALWAYS_SEARCH_USER_PATHS = NO;
				CLANG_CXX_LANGUAGE_STANDARD = "gnu++0x";
				CLANG_CXX_LIBRARY = "libc++";
				CLANG_ENABLE_MODULES = YES;
				CLANG_ENABLE_OBJC_ARC = YES;
				CLANG_WARN_BOOL_CONVERSION = YES;
				CLANG_WARN_CONSTANT_CONVERSION = YES;
				CLANG_WARN_DIRECT_OBJC_ISA_USAGE = YES_ERROR;
				CLANG_WARN_EMPTY_BODY = YES;
				CLANG_WARN_ENUM_CONVERSION = YES;
				CLANG_WARN_INT_CONVERSION = YES;
				CLANG_WARN_OBJC_ROOT_CLASS = YES_ERROR;
				CLANG_WARN__DUPLICATE_METHOD_MATCH = YES;
				"CODE_SIGN_IDENTITY[sdk=iphoneos*]" = "iPhone Developer";
				COPY_PHASE_STRIP = YES;
				ENABLE_NS_ASSERTIONS = NO;
				GCC_C_LANGUAGE_STANDARD = gnu99;
				GCC_WARN_64_TO_32_BIT_CONVERSION = YES;
				GCC_WARN_ABOUT_RETURN_TYPE = YES_ERROR;
				GCC_WARN_UNDECLARED_SELECTOR = YES;
				GCC_WARN_UNINITIALIZED_AUTOS = YES_AGGRESSIVE;
				GCC_WARN_UNUSED_FUNCTION = YES;
				GCC_WARN_UNUSED_VARIABLE = YES;
				IPHONEOS_DEPLOYMENT_TARGET = 7.1;
				SDKROOT = iphoneos;
				VALIDATE_PRODUCT = YES;
			};
			name = Release;
		};
		8DF8A6481919F5DE009334F4 /* Debug */ = {
			isa = XCBuildConfiguration;
			buildSettings = {
				ASSETCATALOG_COMPILER_APPICON_NAME = AppIcon;
				ASSETCATALOG_COMPILER_LAUNCHIMAGE_NAME = LaunchImage;
				GCC_PRECOMPILE_PREFIX_HEADER = YES;
				GCC_PREFIX_HEADER = "Hypnosister/Hypnosister-Prefix.pch";
				INFOPLIST_FILE = "Hypnosister/Hypnosister-Info.plist";
				PRODUCT_NAME = "$(TARGET_NAME)";
				WRAPPER_EXTENSION = app;
			};
			name = Debug;
		};
		8DF8A6491919F5DE009334F4 /* Release */ = {
			isa = XCBuildConfiguration;
			buildSettings = {
				ASSETCATALOG_COMPILER_APPICON_NAME = AppIcon;
				ASSETCATALOG_COMPILER_LAUNCHIMAGE_NAME = LaunchImage;
				GCC_PRECOMPILE_PREFIX_HEADER = YES;
				GCC_PREFIX_HEADER = "Hypnosister/Hypnosister-Prefix.pch";
				INFOPLIST_FILE = "Hypnosister/Hypnosister-Info.plist";
				PRODUCT_NAME = "$(TARGET_NAME)";
				WRAPPER_EXTENSION = app;
			};
			name = Release;
		};
		8DF8A64B1919F5DE009334F4 /* Debug */ = {
			isa = XCBuildConfiguration;
			buildSettings = {
				BUNDLE_LOADER = "$(BUILT_PRODUCTS_DIR)/Hypnosister.app/Hypnosister";
				FRAMEWORK_SEARCH_PATHS = (
					"$(SDKROOT)/Developer/Library/Frameworks",
					"$(inherited)",
					"$(DEVELOPER_FRAMEWORKS_DIR)",
				);
				GCC_PRECOMPILE_PREFIX_HEADER = YES;
				GCC_PREFIX_HEADER = "Hypnosister/Hypnosister-Prefix.pch";
				GCC_PREPROCESSOR_DEFINITIONS = (
					"DEBUG=1",
					"$(inherited)",
				);
				INFOPLIST_FILE = "HypnosisterTests/HypnosisterTests-Info.plist";
				PRODUCT_NAME = "$(TARGET_NAME)";
				TEST_HOST = "$(BUNDLE_LOADER)";
				WRAPPER_EXTENSION = xctest;
			};
			name = Debug;
		};
		8DF8A64C1919F5DE009334F4 /* Release */ = {
			isa = XCBuildConfiguration;
			buildSettings = {
				BUNDLE_LOADER = "$(BUILT_PRODUCTS_DIR)/Hypnosister.app/Hypnosister";
				FRAMEWORK_SEARCH_PATHS = (
					"$(SDKROOT)/Developer/Library/Frameworks",
					"$(inherited)",
					"$(DEVELOPER_FRAMEWORKS_DIR)",
				);
				GCC_PRECOMPILE_PREFIX_HEADER = YES;
				GCC_PREFIX_HEADER = "Hypnosister/Hypnosister-Prefix.pch";
				INFOPLIST_FILE = "HypnosisterTests/HypnosisterTests-Info.plist";
				PRODUCT_NAME = "$(TARGET_NAME)";
				TEST_HOST = "$(BUNDLE_LOADER)";
				WRAPPER_EXTENSION = xctest;
			};
			name = Release;
		};
/* End XCBuildConfiguration section */

/* Begin XCConfigurationList section */
		8DF8A6161919F5DD009334F4 /* Build configuration list for PBXProject "Hypnosister" */ = {
			isa = XCConfigurationList;
			buildConfigurations = (
				8DF8A6451919F5DE009334F4 /* Debug */,
				8DF8A6461919F5DE009334F4 /* Release */,
			);
			defaultConfigurationIsVisible = 0;
			defaultConfigurationName = Release;
		};
		8DF8A6471919F5DE009334F4 /* Build configuration list for PBXNativeTarget "Hypnosister" */ = {
			isa = XCConfigurationList;
			buildConfigurations = (
				8DF8A6481919F5DE009334F4 /* Debug */,
				8DF8A6491919F5DE009334F4 /* Release */,
			);
			defaultConfigurationIsVisible = 0;
		};
		8DF8A64A1919F5DE009334F4 /* Build configuration list for PBXNativeTarget "HypnosisterTests" */ = {
			isa = XCConfigurationList;
			buildConfigurations = (
				8DF8A64B1919F5DE009334F4 /* Debug */,
				8DF8A64C1919F5DE009334F4 /* Release */,
			);
			defaultConfigurationIsVisible = 0;
		};
/* End XCConfigurationList section */
	};
	rootObject = 8DF8A6131919F5DD009334F4 /* Project object */;
}
